
Microsoft Visual Studio Solution File, Format Version 12.00
Project("{FAE04EC0-301F-11D3-BF4B-00C04F79EFBC}") = "Ramboe.Logging.DependencyInjection", "Ramboe.Logging.DependencyInjection\Ramboe.Logging.DependencyInjection.csproj", "{EB588D0C-D2B3-4A30-AF74-5E659ACCC1A9}"
EndProject
Project("{FAE04EC0-301F-11D3-BF4B-00C04F79EFBC}") = "Ramboe.Logging.Blazor.Server", "Ramboe.Logging.Blazor\Server\Ramboe.Logging.Blazor.Server.csproj", "{110529EA-C17D-4712-AB7F-BC67B50F1896}"
EndProject
Project("{FAE04EC0-301F-11D3-BF4B-00C04F79EFBC}") = "Ramboe.Logging.Blazor.Client", "Ramboe.Logging.Blazor\Client\Ramboe.Logging.Blazor.Client.csproj", "{F7658271-75DC-421F-A1E1-E1E20F728E7A}"
EndProject
Project("{FAE04EC0-301F-11D3-BF4B-00C04F79EFBC}") = "Ramboe.Logging.Blazor.Shared", "Ramboe.Logging.Blazor\Shared\Ramboe.Logging.Blazor.Shared.csproj", "{9E0F6064-D5CD-484D-87EF-B7252C49C2A0}"
EndProject
Project("{FAE04EC0-301F-11D3-BF4B-00C04F79EFBC}") = "WebService1", "WebService1\WebService1.csproj", "{1C346DAD-334E-4C0E-A796-C07CCBF60505}"
EndProject
Global
	GlobalSection(SolutionConfigurationPlatforms) = preSolution
		Debug|Any CPU = Debug|Any CPU
		Release|Any CPU = Release|Any CPU
	EndGlobalSection
	GlobalSection(ProjectConfigurationPlatforms) = postSolution
		{EB588D0C-D2B3-4A30-AF74-5E659ACCC1A9}.Debug|Any CPU.ActiveCfg = Debug|Any CPU
		{EB588D0C-D2B3-4A30-AF74-5E659ACCC1A9}.Debug|Any CPU.Build.0 = Debug|Any CPU
		{EB588D0C-D2B3-4A30-AF74-5E659ACCC1A9}.Release|Any CPU.ActiveCfg = Release|Any CPU
		{EB588D0C-D2B3-4A30-AF74-5E659ACCC1A9}.Release|Any CPU.Build.0 = Release|Any CPU
		{110529EA-C17D-4712-AB7F-BC67B50F1896}.Debug|Any CPU.ActiveCfg = Debug|Any CPU
		{110529EA-C17D-4712-AB7F-BC67B50F1896}.Debug|Any CPU.Build.0 = Debug|Any CPU
		{110529EA-C17D-4712-AB7F-BC67B50F1896}.Release|Any CPU.ActiveCfg = Release|Any CPU
		{110529EA-C17D-4712-AB7F-BC67B50F1896}.Release|Any CPU.Build.0 = Release|Any CPU
		{F7658271-75DC-421F-A1E1-E1E20F728E7A}.Debug|Any CPU.ActiveCfg = Debug|Any CPU
		{F7658271-75DC-421F-A1E1-E1E20F728E7A}.Debug|Any CPU.Build.0 = Debug|Any CPU
		{F7658271-75DC-421F-A1E1-E1E20F728E7A}.Release|Any CPU.ActiveCfg = Release|Any CPU
		{F7658271-75DC-421F-A1E1-E1E20F728E7A}.Release|Any CPU.Build.0 = Release|Any CPU
		{9E0F6064-D5CD-484D-87EF-B7252C49C2A0}.Debug|Any CPU.ActiveCfg = Debug|Any CPU
		{9E0F6064-D5CD-484D-87EF-B7252C49C2A0}.Debug|Any CPU.Build.0 = Debug|Any CPU
		{9E0F6064-D5CD-484D-87EF-B7252C49C2A0}.Release|Any CPU.ActiveCfg = Release|Any CPU
		{9E0F6064-D5CD-484D-87EF-B7252C49C2A0}.Release|Any CPU.Build.0 = Release|Any CPU
		{1C346DAD-334E-4C0E-A796-C07CCBF60505}.Debug|Any CPU.ActiveCfg = Debug|Any CPU
		{1C346DAD-334E-4C0E-A796-C07CCBF60505}.Debug|Any CPU.Build.0 = Debug|Any CPU
		{1C346DAD-334E-4C0E-A796-C07CCBF60505}.Release|Any CPU.ActiveCfg = Release|Any CPU
		{1C346DAD-334E-4C0E-A796-C07CCBF60505}.Release|Any CPU.Build.0 = Release|Any CPU
	EndGlobalSection
EndGlobal
